
Microsoft Visual Studio Solution File, Format Version 12.00
# Visual Studio Version 16
VisualStudioVersion = 16.0.31321.278
MinimumVisualStudioVersion = 10.0.40219.1
Project("{FAE04EC0-301F-11D3-BF4B-00C04F79EFBC}") = "GithubTest", "GithubTest\GithubTest.csproj", "{B9004415-58C4-45BF-AA04-95F3AF46D561}"
EndProject
Global
	GlobalSection(SolutionConfigurationPlatforms) = preSolution
		Debug|Any CPU = Debug|Any CPU
		Release|Any CPU = Release|Any CPU
	EndGlobalSection
	GlobalSection(ProjectConfigurationPlatforms) = postSolution
		{B9004415-58C4-45BF-AA04-95F3AF46D561}.Debug|Any CPU.ActiveCfg = Debug|Any CPU
		{B9004415-58C4-45BF-AA04-95F3AF46D561}.Debug|Any CPU.Build.0 = Debug|Any CPU
		{B9004415-58C4-45BF-AA04-95F3AF46D561}.Release|Any CPU.ActiveCfg = Release|Any CPU
		{B9004415-58C4-45BF-AA04-95F3AF46D561}.Release|Any CPU.Build.0 = Release|Any CPU
	EndGlobalSection
	GlobalSection(SolutionProperties) = preSolution
		HideSolutionNode = FALSE
	EndGlobalSection
	GlobalSection(ExtensibilityGlobals) = postSolution
		SolutionGuid = {D2DFB1B0-E96A-43AA-A848-699FD5B01790}
	EndGlobalSection
EndGlobal
